
Microsoft Visual Studio Solution File, Format Version 12.00
# Visual Studio Version 17
VisualStudioVersion = 17.4.33213.308
MinimumVisualStudioVersion = 10.0.40219.1
Project("{FAE04EC0-301F-11D3-BF4B-00C04F79EFBC}") = "AuthDemo.API", "AuthDemo.API\AuthDemo.API.csproj", "{2988BCAC-D9B4-436D-BFA8-3C1C3A16314E}"
EndProject
Global
	GlobalSection(SolutionConfigurationPlatforms) = preSolution
		Debug|Any CPU = Debug|Any CPU
		Release|Any CPU = Release|Any CPU
	EndGlobalSection
	GlobalSection(ProjectConfigurationPlatforms) = postSolution
		{2988BCAC-D9B4-436D-BFA8-3C1C3A16314E}.Debug|Any CPU.ActiveCfg = Debug|Any CPU
		{2988BCAC-D9B4-436D-BFA8-3C1C3A16314E}.Debug|Any CPU.Build.0 = Debug|Any CPU
		{2988BCAC-D9B4-436D-BFA8-3C1C3A16314E}.Release|Any CPU.ActiveCfg = Release|Any CPU
		{2988BCAC-D9B4-436D-BFA8-3C1C3A16314E}.Release|Any CPU.Build.0 = Release|Any CPU
	EndGlobalSection
	GlobalSection(SolutionProperties) = preSolution
		HideSolutionNode = FALSE
	EndGlobalSection
	GlobalSection(ExtensibilityGlobals) = postSolution
		SolutionGuid = {19B55C41-26F5-4F84-AD1D-E9B76431FB48}
	EndGlobalSection
EndGlobal
